// !$*UTF8*$!
{
	archiveVersion = 1;
	classes = {
	};
	objectVersion = 56;
	objects = {

/* Begin PBXBuildFile section */
		A00000000000000000000001 /* McCainCapitalMobileApp.swift in Sources */ = {isa = PBXBuildFile; fileRef = B00000000000000000000001 /* McCainCapitalMobileApp.swift */; };
		A00000000000000000000002 /* AppModel.swift in Sources */ = {isa = PBXBuildFile; fileRef = B00000000000000000000002 /* AppModel.swift */; };
		A00000000000000000000003 /* DeviceAuthenticator.swift in Sources */ = {isa = PBXBuildFile; fileRef = B00000000000000000000003 /* DeviceAuthenticator.swift */; };
		A00000000000000000000004 /* NetworkMonitor.swift in Sources */ = {isa = PBXBuildFile; fileRef = B00000000000000000000004 /* NetworkMonitor.swift */; };
		A00000000000000000000005 /* WebViewModel.swift in Sources */ = {isa = PBXBuildFile; fileRef = B00000000000000000000005 /* WebViewModel.swift */; };
		A00000000000000000000006 /* WebViewContainer.swift in Sources */ = {isa = PBXBuildFile; fileRef = B00000000000000000000006 /* WebViewContainer.swift */; };
		A00000000000000000000007 /* RootView.swift in Sources */ = {isa = PBXBuildFile; fileRef = B00000000000000000000007 /* RootView.swift */; };
		A00000000000000000000008 /* AppOrigin.swift in Sources */ = {isa = PBXBuildFile; fileRef = B00000000000000000000008 /* AppOrigin.swift */; };
		A00000000000000000000009 /* NavigationPolicy.swift in Sources */ = {isa = PBXBuildFile; fileRef = B00000000000000000000009 /* NavigationPolicy.swift */; };
		A0000000000000000000000A /* LockState.swift in Sources */ = {isa = PBXBuildFile; fileRef = B0000000000000000000000A /* LockState.swift */; };
		A0000000000000000000000B /* AppPreferences.swift in Sources */ = {isa = PBXBuildFile; fileRef = B0000000000000000000000B /* AppPreferences.swift */; };
		A0000000000000000000000C /* Assets.xcassets in Resources */ = {isa = PBXBuildFile; fileRef = B0000000000000000000000C /* Assets.xcassets */; };
		A0000000000000000000000D /* icon-180.png in Resources */ = {isa = PBXBuildFile; fileRef = B0000000000000000000000D /* icon-180.png */; };
		A0000000000000000000000E /* logo-512.png in Resources */ = {isa = PBXBuildFile; fileRef = B0000000000000000000000E /* logo-512.png */; };
		A00000000000000000000011 /* AppOriginTests.swift in Sources */ = {isa = PBXBuildFile; fileRef = B00000000000000000000011 /* AppOriginTests.swift */; };
		A00000000000000000000012 /* NavigationPolicyTests.swift in Sources */ = {isa = PBXBuildFile; fileRef = B00000000000000000000012 /* NavigationPolicyTests.swift */; };
		A00000000000000000000013 /* LockStateTests.swift in Sources */ = {isa = PBXBuildFile; fileRef = B00000000000000000000013 /* LockStateTests.swift */; };
		A00000000000000000000014 /* AppOrigin.swift in Sources */ = {isa = PBXBuildFile; fileRef = B00000000000000000000008 /* AppOrigin.swift */; };
		A00000000000000000000015 /* NavigationPolicy.swift in Sources */ = {isa = PBXBuildFile; fileRef = B00000000000000000000009 /* NavigationPolicy.swift */; };
		A00000000000000000000016 /* LockState.swift in Sources */ = {isa = PBXBuildFile; fileRef = B0000000000000000000000A /* LockState.swift */; };
		A00000000000000000000017 /* AppPreferences.swift in Sources */ = {isa = PBXBuildFile; fileRef = B0000000000000000000000B /* AppPreferences.swift */; };
		A00000000000000000000018 /* McCainCapitalMobileUITests.swift in Sources */ = {isa = PBXBuildFile; fileRef = B00000000000000000000018 /* McCainCapitalMobileUITests.swift */; };
/* End PBXBuildFile section */

/* Begin PBXContainerItemProxy section */
		C00000000000000000000001 /* PBXContainerItemProxy */ = {
			isa = PBXContainerItemProxy;
			containerPortal = D00000000000000000000001 /* Project object */;
			proxyType = 1;
			remoteGlobalIDString = E00000000000000000000001;
			remoteInfo = McCainCapitalMobile;
		};
/* End PBXContainerItemProxy section */

/* Begin PBXFileReference section */
		B00000000000000000000001 /* McCainCapitalMobileApp.swift */ = {isa = PBXFileReference; lastKnownFileType = sourcecode.swift; path = McCainCapitalMobileApp.swift; sourceTree = "<group>"; };
		B00000000000000000000002 /* AppModel.swift */ = {isa = PBXFileReference; lastKnownFileType = sourcecode.swift; path = AppModel.swift; sourceTree = "<group>"; };
		B00000000000000000000003 /* DeviceAuthenticator.swift */ = {isa = PBXFileReference; lastKnownFileType = sourcecode.swift; path = DeviceAuthenticator.swift; sourceTree = "<group>"; };
		B00000000000000000000004 /* NetworkMonitor.swift */ = {isa = PBXFileReference; lastKnownFileType = sourcecode.swift; path = NetworkMonitor.swift; sourceTree = "<group>"; };
		B00000000000000000000005 /* WebViewModel.swift */ = {isa = PBXFileReference; lastKnownFileType = sourcecode.swift; path = WebViewModel.swift; sourceTree = "<group>"; };
		B00000000000000000000006 /* WebViewContainer.swift */ = {isa = PBXFileReference; lastKnownFileType = sourcecode.swift; path = WebViewContainer.swift; sourceTree = "<group>"; };
		B00000000000000000000007 /* RootView.swift */ = {isa = PBXFileReference; lastKnownFileType = sourcecode.swift; path = RootView.swift; sourceTree = "<group>"; };
		B00000000000000000000008 /* AppOrigin.swift */ = {isa = PBXFileReference; lastKnownFileType = sourcecode.swift; path = AppOrigin.swift; sourceTree = "<group>"; };
		B00000000000000000000009 /* NavigationPolicy.swift */ = {isa = PBXFileReference; lastKnownFileType = sourcecode.swift; path = NavigationPolicy.swift; sourceTree = "<group>"; };
		B0000000000000000000000A /* LockState.swift */ = {isa = PBXFileReference; lastKnownFileType = sourcecode.swift; path = LockState.swift; sourceTree = "<group>"; };
		B0000000000000000000000B /* AppPreferences.swift */ = {isa = PBXFileReference; lastKnownFileType = sourcecode.swift; path = AppPreferences.swift; sourceTree = "<group>"; };
		B0000000000000000000000C /* Assets.xcassets */ = {isa = PBXFileReference; lastKnownFileType = folder.assetcatalog; path = Assets.xcassets; sourceTree = "<group>"; };
		B0000000000000000000000D /* icon-180.png */ = {isa = PBXFileReference; lastKnownFileType = image.png; name = "icon-180.png"; path = "../../../static/icon-180.png"; sourceTree = "<group>"; };
		B0000000000000000000000E /* logo-512.png */ = {isa = PBXFileReference; lastKnownFileType = image.png; name = "logo-512.png"; path = "../../../static/logo-512.png"; sourceTree = "<group>"; };
		B0000000000000000000000F /* Info.plist */ = {isa = PBXFileReference; lastKnownFileType = text.plist.xml; path = Info.plist; sourceTree = "<group>"; };
		B00000000000000000000011 /* AppOriginTests.swift */ = {isa = PBXFileReference; lastKnownFileType = sourcecode.swift; path = AppOriginTests.swift; sourceTree = "<group>"; };
		B00000000000000000000012 /* NavigationPolicyTests.swift */ = {isa = PBXFileReference; lastKnownFileType = sourcecode.swift; path = NavigationPolicyTests.swift; sourceTree = "<group>"; };
		B00000000000000000000013 /* LockStateTests.swift */ = {isa = PBXFileReference; lastKnownFileType = sourcecode.swift; path = LockStateTests.swift; sourceTree = "<group>"; };
		B00000000000000000000018 /* McCainCapitalMobileUITests.swift */ = {isa = PBXFileReference; lastKnownFileType = sourcecode.swift; path = McCainCapitalMobileUITests.swift; sourceTree = "<group>"; };
		B00000000000000000000021 /* McCainCapitalMobile.app */ = {isa = PBXFileReference; explicitFileType = wrapper.application; includeInIndex = 0; path = McCainCapitalMobile.app; sourceTree = BUILT_PRODUCTS_DIR; };
		B00000000000000000000022 /* McCainCapitalMobileTests.xctest */ = {isa = PBXFileReference; explicitFileType = wrapper.cfbundle; includeInIndex = 0; path = McCainCapitalMobileTests.xctest; sourceTree = BUILT_PRODUCTS_DIR; };
		B00000000000000000000023 /* McCainCapitalMobileUITests.xctest */ = {isa = PBXFileReference; explicitFileType = wrapper.cfbundle; includeInIndex = 0; path = McCainCapitalMobileUITests.xctest; sourceTree = BUILT_PRODUCTS_DIR; };
/* End PBXFileReference section */

/* Begin PBXFrameworksBuildPhase section */
		F00000000000000000000001 /* Frameworks */ = {
			isa = PBXFrameworksBuildPhase;
			buildActionMask = 2147483647;
			files = (
			);
			runOnlyForDeploymentPostprocessing = 0;
		};
		F00000000000000000000002 /* Frameworks */ = {
			isa = PBXFrameworksBuildPhase;
			buildActionMask = 2147483647;
			files = (
			);
			runOnlyForDeploymentPostprocessing = 0;
		};
		F00000000000000000000003 /* Frameworks */ = {
			isa = PBXFrameworksBuildPhase;
			buildActionMask = 2147483647;
			files = (
			);
			runOnlyForDeploymentPostprocessing = 0;
		};
/* End PBXFrameworksBuildPhase section */

/* Begin PBXGroup section */
		G00000000000000000000001 = {
			isa = PBXGroup;
			children = (
				G00000000000000000000002 /* McCainCapitalMobile */,
				G00000000000000000000003 /* McCainCapitalMobileTests/Core */,
				G00000000000000000000004 /* McCainCapitalMobileUITests */,
				G00000000000000000000005 /* Products */,
			);
			sourceTree = "<group>";
		};
		G00000000000000000000002 /* McCainCapitalMobile */ = {
			isa = PBXGroup;
			children = (
				B00000000000000000000001 /* McCainCapitalMobileApp.swift */,
				B00000000000000000000002 /* AppModel.swift */,
				B00000000000000000000003 /* DeviceAuthenticator.swift */,
				B00000000000000000000004 /* NetworkMonitor.swift */,
				B00000000000000000000005 /* WebViewModel.swift */,
				B00000000000000000000006 /* WebViewContainer.swift */,
				B00000000000000000000007 /* RootView.swift */,
				G00000000000000000000006 /* Core */,
				B0000000000000000000000C /* Assets.xcassets */,
				B0000000000000000000000D /* icon-180.png */,
				B0000000000000000000000E /* logo-512.png */,
				B0000000000000000000000F /* Info.plist */,
			);
			path = McCainCapitalMobile;
			sourceTree = "<group>";
		};
		G00000000000000000000003 /* McCainCapitalMobileTests/Core */ = {
			isa = PBXGroup;
			children = (
				B00000000000000000000011 /* AppOriginTests.swift */,
				B00000000000000000000012 /* NavigationPolicyTests.swift */,
				B00000000000000000000013 /* LockStateTests.swift */,
			);
			path = McCainCapitalMobileTests/Core;
			sourceTree = "<group>";
		};
		G00000000000000000000004 /* McCainCapitalMobileUITests */ = {
			isa = PBXGroup;
			children = (
				B00000000000000000000018 /* McCainCapitalMobileUITests.swift */,
			);
			path = McCainCapitalMobileUITests;
			sourceTree = "<group>";
		};
		G00000000000000000000005 /* Products */ = {
			isa = PBXGroup;
			children = (
				B00000000000000000000021 /* McCainCapitalMobile.app */,
				B00000000000000000000022 /* McCainCapitalMobileTests.xctest */,
				B00000000000000000000023 /* McCainCapitalMobileUITests.xctest */,
			);
			name = Products;
			sourceTree = "<group>";
		};
		G00000000000000000000006 /* Core */ = {
			isa = PBXGroup;
			children = (
				B00000000000000000000008 /* AppOrigin.swift */,
				B00000000000000000000009 /* NavigationPolicy.swift */,
				B0000000000000000000000A /* LockState.swift */,
				B0000000000000000000000B /* AppPreferences.swift */,
			);
			path = Core;
			sourceTree = "<group>";
		};
/* End PBXGroup section */

/* Begin PBXNativeTarget section */
		E00000000000000000000001 /* McCainCapitalMobile */ = {
			isa = PBXNativeTarget;
			buildConfigurationList = H00000000000000000000001 /* Build configuration list for PBXNativeTarget "McCainCapitalMobile" */;
			buildPhases = (
				I00000000000000000000001 /* Sources */,
				F00000000000000000000001 /* Frameworks */,
				J00000000000000000000001 /* Resources */,
			);
			buildRules = (
			);
			dependencies = (
			);
			name = McCainCapitalMobile;
			productName = McCainCapitalMobile;
			productReference = B00000000000000000000021 /* McCainCapitalMobile.app */;
			productType = "com.apple.product-type.application";
		};
		E00000000000000000000002 /* McCainCapitalMobileTests */ = {
			isa = PBXNativeTarget;
			buildConfigurationList = H00000000000000000000002 /* Build configuration list for PBXNativeTarget "McCainCapitalMobileTests" */;
			buildPhases = (
				I00000000000000000000002 /* Sources */,
				F00000000000000000000002 /* Frameworks */,
				J00000000000000000000002 /* Resources */,
			);
			buildRules = (
			);
			dependencies = (
				K00000000000000000000001 /* PBXTargetDependency */,
			);
			name = McCainCapitalMobileTests;
			productName = McCainCapitalMobileTests;
			productReference = B00000000000000000000022 /* McCainCapitalMobileTests.xctest */;
			productType = "com.apple.product-type.bundle.unit-test";
		};
		E00000000000000000000003 /* McCainCapitalMobileUITests */ = {
			isa = PBXNativeTarget;
			buildConfigurationList = H00000000000000000000003 /* Build configuration list for PBXNativeTarget "McCainCapitalMobileUITests" */;
			buildPhases = (
				I00000000000000000000003 /* Sources */,
				F00000000000000000000003 /* Frameworks */,
				J00000000000000000000003 /* Resources */,
			);
			buildRules = (
			);
			dependencies = (
				K00000000000000000000002 /* PBXTargetDependency */,
			);
			name = McCainCapitalMobileUITests;
			productName = McCainCapitalMobileUITests;
			productReference = B00000000000000000000023 /* McCainCapitalMobileUITests.xctest */;
			productType = "com.apple.product-type.bundle.ui-testing";
		};
/* End PBXNativeTarget section */

/* Begin PBXProject section */
		D00000000000000000000001 /* Project object */ = {
			isa = PBXProject;
			attributes = {
				BuildIndependentTargetsInParallel = 1;
				LastSwiftUpdateCheck = 1600;
				LastUpgradeCheck = 2700;
				TargetAttributes = {
					E00000000000000000000001 = {
						CreatedOnToolsVersion = 16.0;
					};
					E00000000000000000000002 = {
						CreatedOnToolsVersion = 16.0;
						TestTargetID = E00000000000000000000001;
					};
					E00000000000000000000003 = {
						CreatedOnToolsVersion = 16.0;
						TestTargetID = E00000000000000000000001;
					};
				};
			};
			buildConfigurationList = H00000000000000000000000 /* Build configuration list for PBXProject "McCainCapitalMobile" */;
			compatibilityVersion = "Xcode 14.0";
			developmentRegion = en;
			hasScannedForEncodings = 0;
			knownRegions = (
				en,
				Base,
			);
			mainGroup = G00000000000000000000001;
			productRefGroup = G00000000000000000000005 /* Products */;
			projectDirPath = "";
			projectRoot = "";
			targets = (
				E00000000000000000000001 /* McCainCapitalMobile */,
				E00000000000000000000002 /* McCainCapitalMobileTests */,
				E00000000000000000000003 /* McCainCapitalMobileUITests */,
			);
		};
/* End PBXProject section */

/* Begin PBXResourcesBuildPhase section */
		J00000000000000000000001 /* Resources */ = {
			isa = PBXResourcesBuildPhase;
			buildActionMask = 2147483647;
			files = (
				A0000000000000000000000C /* Assets.xcassets in Resources */,
				A0000000000000000000000D /* icon-180.png in Resources */,
				A0000000000000000000000E /* logo-512.png in Resources */,
			);
			runOnlyForDeploymentPostprocessing = 0;
		};
		J00000000000000000000002 /* Resources */ = {
			isa = PBXResourcesBuildPhase;
			buildActionMask = 2147483647;
			files = (
			);
			runOnlyForDeploymentPostprocessing = 0;
		};
		J00000000000000000000003 /* Resources */ = {
			isa = PBXResourcesBuildPhase;
			buildActionMask = 2147483647;
			files = (
			);
			runOnlyForDeploymentPostprocessing = 0;
		};
/* End PBXResourcesBuildPhase section */

/* Begin PBXSourcesBuildPhase section */
		I00000000000000000000001 /* Sources */ = {
			isa = PBXSourcesBuildPhase;
			buildActionMask = 2147483647;
			files = (
				A00000000000000000000001 /* McCainCapitalMobileApp.swift in Sources */,
				A00000000000000000000002 /* AppModel.swift in Sources */,
				A00000000000000000000003 /* DeviceAuthenticator.swift in Sources */,
				A00000000000000000000004 /* NetworkMonitor.swift in Sources */,
				A00000000000000000000005 /* WebViewModel.swift in Sources */,
				A00000000000000000000006 /* WebViewContainer.swift in Sources */,
				A00000000000000000000007 /* RootView.swift in Sources */,
				A00000000000000000000008 /* AppOrigin.swift in Sources */,
				A00000000000000000000009 /* NavigationPolicy.swift in Sources */,
				A0000000000000000000000A /* LockState.swift in Sources */,
				A0000000000000000000000B /* AppPreferences.swift in Sources */,
			);
			runOnlyForDeploymentPostprocessing = 0;
		};
		I00000000000000000000002 /* Sources */ = {
			isa = PBXSourcesBuildPhase;
			buildActionMask = 2147483647;
			files = (
				A00000000000000000000011 /* AppOriginTests.swift in Sources */,
				A00000000000000000000012 /* NavigationPolicyTests.swift in Sources */,
				A00000000000000000000013 /* LockStateTests.swift in Sources */,
				A00000000000000000000014 /* AppOrigin.swift in Sources */,
				A00000000000000000000015 /* NavigationPolicy.swift in Sources */,
				A00000000000000000000016 /* LockState.swift in Sources */,
				A00000000000000000000017 /* AppPreferences.swift in Sources */,
			);
			runOnlyForDeploymentPostprocessing = 0;
		};
		I00000000000000000000003 /* Sources */ = {
			isa = PBXSourcesBuildPhase;
			buildActionMask = 2147483647;
			files = (
				A00000000000000000000018 /* McCainCapitalMobileUITests.swift in Sources */,
			);
			runOnlyForDeploymentPostprocessing = 0;
		};
/* End PBXSourcesBuildPhase section */

/* Begin PBXTargetDependency section */
		K00000000000000000000001 /* PBXTargetDependency */ = {
			isa = PBXTargetDependency;
			target = E00000000000000000000001 /* McCainCapitalMobile */;
			targetProxy = C00000000000000000000001 /* PBXContainerItemProxy */;
		};
		K00000000000000000000002 /* PBXTargetDependency */ = {
			isa = PBXTargetDependency;
			target = E00000000000000000000001 /* McCainCapitalMobile */;
			targetProxy = C00000000000000000000001 /* PBXContainerItemProxy */;
		};
/* End PBXTargetDependency section */

/* Begin XCBuildConfiguration section */
		L00000000000000000000001 /* Debug */ = {
			isa = XCBuildConfiguration;
			buildSettings = {
				ALWAYS_SEARCH_USER_PATHS = NO;
				CLANG_ENABLE_MODULES = YES;
				CLANG_WARN_BLOCK_CAPTURE_AUTORELEASING = YES;
				CLANG_WARN_BOOL_CONVERSION = YES;
				CLANG_WARN_COMMA = YES;
				CLANG_WARN_CONSTANT_CONVERSION = YES;
				CLANG_WARN_DEPRECATED_OBJC_IMPLEMENTATIONS = YES;
				CLANG_WARN_EMPTY_BODY = YES;
				CLANG_WARN_ENUM_CONVERSION = YES;
				CLANG_WARN_INFINITE_RECURSION = YES;
				CLANG_WARN_INT_CONVERSION = YES;
				CLANG_WARN_NON_LITERAL_NULL_CONVERSION = YES;
				CLANG_WARN_OBJC_IMPLICIT_RETAIN_SELF = YES;
				CLANG_WARN_OBJC_LITERAL_CONVERSION = YES;
				CLANG_WARN_QUOTED_INCLUDE_IN_FRAMEWORK_HEADER = YES;
				CLANG_WARN_RANGE_LOOP_ANALYSIS = YES;
				CLANG_WARN_STRICT_PROTOTYPES = YES;
				CLANG_WARN_SUSPICIOUS_MOVE = YES;
				CLANG_WARN_UNREACHABLE_CODE = YES;
				CLANG_WARN__DUPLICATE_METHOD_MATCH = YES;
				ENABLE_STRICT_OBJC_MSGSEND = YES;
				ENABLE_TESTABILITY = YES;
				ENABLE_USER_SCRIPT_SANDBOXING = YES;
				GCC_C_LANGUAGE_STANDARD = gnu17;
				GCC_NO_COMMON_BLOCKS = YES;
				GCC_WARN_64_TO_32_BIT_CONVERSION = YES;
				GCC_WARN_ABOUT_RETURN_TYPE = YES;
				GCC_WARN_UNDECLARED_SELECTOR = YES;
				GCC_WARN_UNINITIALIZED_AUTOS = YES;
				GCC_WARN_UNUSED_FUNCTION = YES;
				GCC_WARN_UNUSED_VARIABLE = YES;
				IPHONEOS_DEPLOYMENT_TARGET = 17.0;
				ONLY_ACTIVE_ARCH = YES;
				SDKROOT = iphoneos;
				STRING_CATALOG_GENERATE_SYMBOLS = YES;
				SWIFT_VERSION = 5.0;
			};
			name = Debug;
		};
		L00000000000000000000002 /* Release */ = {
			isa = XCBuildConfiguration;
			buildSettings = {
				ALWAYS_SEARCH_USER_PATHS = NO;
				CLANG_ENABLE_MODULES = YES;
				CLANG_WARN_BLOCK_CAPTURE_AUTORELEASING = YES;
				CLANG_WARN_BOOL_CONVERSION = YES;
				CLANG_WARN_COMMA = YES;
				CLANG_WARN_CONSTANT_CONVERSION = YES;
				CLANG_WARN_DEPRECATED_OBJC_IMPLEMENTATIONS = YES;
				CLANG_WARN_EMPTY_BODY = YES;
				CLANG_WARN_ENUM_CONVERSION = YES;
				CLANG_WARN_INFINITE_RECURSION = YES;
				CLANG_WARN_INT_CONVERSION = YES;
				CLANG_WARN_NON_LITERAL_NULL_CONVERSION = YES;
				CLANG_WARN_OBJC_IMPLICIT_RETAIN_SELF = YES;
				CLANG_WARN_OBJC_LITERAL_CONVERSION = YES;
				CLANG_WARN_QUOTED_INCLUDE_IN_FRAMEWORK_HEADER = YES;
				CLANG_WARN_RANGE_LOOP_ANALYSIS = YES;
				CLANG_WARN_STRICT_PROTOTYPES = YES;
				CLANG_WARN_SUSPICIOUS_MOVE = YES;
				CLANG_WARN_UNREACHABLE_CODE = YES;
				CLANG_WARN__DUPLICATE_METHOD_MATCH = YES;
				ENABLE_STRICT_OBJC_MSGSEND = YES;
				ENABLE_USER_SCRIPT_SANDBOXING = YES;
				GCC_C_LANGUAGE_STANDARD = gnu17;
				GCC_NO_COMMON_BLOCKS = YES;
				GCC_WARN_64_TO_32_BIT_CONVERSION = YES;
				GCC_WARN_ABOUT_RETURN_TYPE = YES;
				GCC_WARN_UNDECLARED_SELECTOR = YES;
				GCC_WARN_UNINITIALIZED_AUTOS = YES;
				GCC_WARN_UNUSED_FUNCTION = YES;
				GCC_WARN_UNUSED_VARIABLE = YES;
				IPHONEOS_DEPLOYMENT_TARGET = 17.0;
				SDKROOT = iphoneos;
				STRING_CATALOG_GENERATE_SYMBOLS = YES;
				SWIFT_COMPILATION_MODE = wholemodule;
				SWIFT_VERSION = 5.0;
			};
			name = Release;
		};
		L00000000000000000000011 /* Debug */ = {
			isa = XCBuildConfiguration;
			buildSettings = {
				ASSETCATALOG_COMPILER_GLOBAL_ACCENT_COLOR_NAME = AccentColor;
				CLANG_ENABLE_OBJC_WEAK = YES;
				CODE_SIGN_STYLE = Automatic;
				CURRENT_PROJECT_VERSION = 1;
				DEVELOPMENT_TEAM = 6DFFXJH669;
				GENERATE_INFOPLIST_FILE = NO;
				INFOPLIST_FILE = McCainCapitalMobile/Info.plist;
				MARKETING_VERSION = 1.0;
				PRODUCT_BUNDLE_IDENTIFIER = com.kfm.McCainCapitalMobile;
				PRODUCT_NAME = "$(TARGET_NAME)";
				SUPPORTED_PLATFORMS = "iphoneos iphonesimulator";
				SUPPORTS_MACCATALYST = NO;
				TARGETED_DEVICE_FAMILY = 1;
			};
			name = Debug;
		};
		L00000000000000000000012 /* Release */ = {
			isa = XCBuildConfiguration;
			buildSettings = {
				ASSETCATALOG_COMPILER_GLOBAL_ACCENT_COLOR_NAME = AccentColor;
				CLANG_ENABLE_OBJC_WEAK = YES;
				CODE_SIGN_STYLE = Automatic;
				CURRENT_PROJECT_VERSION = 1;
				DEVELOPMENT_TEAM = 6DFFXJH669;
				GENERATE_INFOPLIST_FILE = NO;
				INFOPLIST_FILE = McCainCapitalMobile/Info.plist;
				MARKETING_VERSION = 1.0;
				PRODUCT_BUNDLE_IDENTIFIER = com.kfm.McCainCapitalMobile;
				PRODUCT_NAME = "$(TARGET_NAME)";
				SUPPORTED_PLATFORMS = "iphoneos iphonesimulator";
				SUPPORTS_MACCATALYST = NO;
				TARGETED_DEVICE_FAMILY = 1;
			};
			name = Release;
		};
		L00000000000000000000021 /* Debug */ = {
			isa = XCBuildConfiguration;
			buildSettings = {
				BUNDLE_LOADER = "$(TEST_HOST)";
				CLANG_ENABLE_OBJC_WEAK = YES;
				CODE_SIGN_STYLE = Automatic;
				GENERATE_INFOPLIST_FILE = YES;
				PRODUCT_BUNDLE_IDENTIFIER = com.example.McCainCapitalMobileTests;
				PRODUCT_NAME = "$(TARGET_NAME)";
				SWIFT_VERSION = 5.0;
				TARGETED_DEVICE_FAMILY = 1;
				TEST_HOST = "$(BUILT_PRODUCTS_DIR)/McCainCapitalMobile.app/$(BUNDLE_EXECUTABLE_FOLDER_PATH)/McCainCapitalMobile";
			};
			name = Debug;
		};
		L00000000000000000000022 /* Release */ = {
			isa = XCBuildConfiguration;
			buildSettings = {
				BUNDLE_LOADER = "$(TEST_HOST)";
				CLANG_ENABLE_OBJC_WEAK = YES;
				CODE_SIGN_STYLE = Automatic;
				GENERATE_INFOPLIST_FILE = YES;
				PRODUCT_BUNDLE_IDENTIFIER = com.example.McCainCapitalMobileTests;
				PRODUCT_NAME = "$(TARGET_NAME)";
				SWIFT_VERSION = 5.0;
				TARGETED_DEVICE_FAMILY = 1;
				TEST_HOST = "$(BUILT_PRODUCTS_DIR)/McCainCapitalMobile.app/$(BUNDLE_EXECUTABLE_FOLDER_PATH)/McCainCapitalMobile";
			};
			name = Release;
		};
		L00000000000000000000031 /* Debug */ = {
			isa = XCBuildConfiguration;
			buildSettings = {
				CLANG_ENABLE_OBJC_WEAK = YES;
				CODE_SIGN_STYLE = Automatic;
				GENERATE_INFOPLIST_FILE = YES;
				PRODUCT_BUNDLE_IDENTIFIER = com.example.McCainCapitalMobileUITests;
				PRODUCT_NAME = "$(TARGET_NAME)";
				SWIFT_VERSION = 5.0;
				TARGETED_DEVICE_FAMILY = 1;
				TEST_TARGET_NAME = McCainCapitalMobile;
			};
			name = Debug;
		};
		L00000000000000000000032 /* Release */ = {
			isa = XCBuildConfiguration;
			buildSettings = {
				CLANG_ENABLE_OBJC_WEAK = YES;
				CODE_SIGN_STYLE = Automatic;
				GENERATE_INFOPLIST_FILE = YES;
				PRODUCT_BUNDLE_IDENTIFIER = com.example.McCainCapitalMobileUITests;
				PRODUCT_NAME = "$(TARGET_NAME)";
				SWIFT_VERSION = 5.0;
				TARGETED_DEVICE_FAMILY = 1;
				TEST_TARGET_NAME = McCainCapitalMobile;
			};
			name = Release;
		};
/* End XCBuildConfiguration section */

/* Begin XCConfigurationList section */
		H00000000000000000000000 /* Build configuration list for PBXProject "McCainCapitalMobile" */ = {
			isa = XCConfigurationList;
			buildConfigurations = (
				L00000000000000000000001 /* Debug */,
				L00000000000000000000002 /* Release */,
			);
			defaultConfigurationIsVisible = 0;
			defaultConfigurationName = Release;
		};
		H00000000000000000000001 /* Build configuration list for PBXNativeTarget "McCainCapitalMobile" */ = {
			isa = XCConfigurationList;
			buildConfigurations = (
				L00000000000000000000011 /* Debug */,
				L00000000000000000000012 /* Release */,
			);
			defaultConfigurationIsVisible = 0;
			defaultConfigurationName = Release;
		};
		H00000000000000000000002 /* Build configuration list for PBXNativeTarget "McCainCapitalMobileTests" */ = {
			isa = XCConfigurationList;
			buildConfigurations = (
				L00000000000000000000021 /* Debug */,
				L00000000000000000000022 /* Release */,
			);
			defaultConfigurationIsVisible = 0;
			defaultConfigurationName = Release;
		};
		H00000000000000000000003 /* Build configuration list for PBXNativeTarget "McCainCapitalMobileUITests" */ = {
			isa = XCConfigurationList;
			buildConfigurations = (
				L00000000000000000000031 /* Debug */,
				L00000000000000000000032 /* Release */,
			);
			defaultConfigurationIsVisible = 0;
			defaultConfigurationName = Release;
		};
/* End XCConfigurationList section */
	};
	rootObject = D00000000000000000000001 /* Project object */;
}
